// !$*UTF8*$!
{
	archiveVersion = 1;
	classes = {
	};
	objectVersion = 55;
	objects = {

/* Begin PBXBuildFile section */
		1A1005C92853B7480000CC3D /* LandmarksApp.swift in Sources */ = {isa = PBXBuildFile; fileRef = 1A1005C82853B7480000CC3D /* LandmarksApp.swift */; };
		1A1005CB2853B7480000CC3D /* ContentView.swift in Sources */ = {isa = PBXBuildFile; fileRef = 1A1005CA2853B7480000CC3D /* ContentView.swift */; };
		1A1005CD2853B74C0000CC3D /* Assets.xcassets in Resources */ = {isa = PBXBuildFile; fileRef = 1A1005CC2853B74C0000CC3D /* Assets.xcassets */; };
		1A1005D02853B74C0000CC3D /* Preview Assets.xcassets in Resources */ = {isa = PBXBuildFile; fileRef = 1A1005CF2853B74C0000CC3D /* Preview Assets.xcassets */; };
		1A1005D72854000D0000CC3D /* CircleImage.swift in Sources */ = {isa = PBXBuildFile; fileRef = 1A1005D62854000D0000CC3D /* CircleImage.swift */; };
		1A1005D928540D6D0000CC3D /* MapView.swift in Sources */ = {isa = PBXBuildFile; fileRef = 1A1005D828540D6D0000CC3D /* MapView.swift */; };
		1A46862728545003007DA675 /* landmarkData.json in Resources */ = {isa = PBXBuildFile; fileRef = 1A46862628545003007DA675 /* landmarkData.json */; };
		1A4686292854502C007DA675 /* Landmark.swift in Sources */ = {isa = PBXBuildFile; fileRef = 1A4686282854502C007DA675 /* Landmark.swift */; };
		1A46862B2854565C007DA675 /* ModelData.swift in Sources */ = {isa = PBXBuildFile; fileRef = 1A46862A2854565C007DA675 /* ModelData.swift */; };
		1A4686302855566B007DA675 /* LandmarkRow.swift in Sources */ = {isa = PBXBuildFile; fileRef = 1A46862F2855566B007DA675 /* LandmarkRow.swift */; };
		1A46863228555BF5007DA675 /* LandmarksList.swift in Sources */ = {isa = PBXBuildFile; fileRef = 1A46863128555BF5007DA675 /* LandmarksList.swift */; };
		1A46863428555F24007DA675 /* LandmarkDetail.swift in Sources */ = {isa = PBXBuildFile; fileRef = 1A46863328555F24007DA675 /* LandmarkDetail.swift */; };
		1A5D7C06285FB6990058F65F /* BadgeSymbol.swift in Sources */ = {isa = PBXBuildFile; fileRef = 1A5D7C05285FB6990058F65F /* BadgeSymbol.swift */; };
		1A5D7C08285FB7BF0058F65F /* RotatedBadgeSymbol.swift in Sources */ = {isa = PBXBuildFile; fileRef = 1A5D7C07285FB7BF0058F65F /* RotatedBadgeSymbol.swift */; };
		1A5D7C0A285FB8A40058F65F /* Badge.swift in Sources */ = {isa = PBXBuildFile; fileRef = 1A5D7C09285FB8A40058F65F /* Badge.swift */; };
		1A5D7C0E286112AE0058F65F /* hikeData.json in Resources */ = {isa = PBXBuildFile; fileRef = 1A5D7C0D286112AE0058F65F /* hikeData.json */; };
		1A5D7C10286112DB0058F65F /* Hike.swift in Sources */ = {isa = PBXBuildFile; fileRef = 1A5D7C0F286112DB0058F65F /* Hike.swift */; };
		1A5D7C1628611B880058F65F /* GraphCapsule.swift in Sources */ = {isa = PBXBuildFile; fileRef = 1A5D7C1228611B880058F65F /* GraphCapsule.swift */; };
		1A5D7C1728611B880058F65F /* HikeGraph.swift in Sources */ = {isa = PBXBuildFile; fileRef = 1A5D7C1328611B880058F65F /* HikeGraph.swift */; };
		1A5D7C1828611B880058F65F /* HikeDetail.swift in Sources */ = {isa = PBXBuildFile; fileRef = 1A5D7C1428611B880058F65F /* HikeDetail.swift */; };
		1A5D7C1928611B880058F65F /* HikeView.swift in Sources */ = {isa = PBXBuildFile; fileRef = 1A5D7C1528611B880058F65F /* HikeView.swift */; };
		1A9CAF9C2862B34000069945 /* CategoryHome.swift in Sources */ = {isa = PBXBuildFile; fileRef = 1A9CAF9B2862B34000069945 /* CategoryHome.swift */; };
		1A9CAF9E2862BC9A00069945 /* CategoryRow.swift in Sources */ = {isa = PBXBuildFile; fileRef = 1A9CAF9D2862BC9A00069945 /* CategoryRow.swift */; };
		1A9CAFA02862BF4900069945 /* CategoryItem.swift in Sources */ = {isa = PBXBuildFile; fileRef = 1A9CAF9F2862BF4900069945 /* CategoryItem.swift */; };
		1AF73899285AA44300DA65FE /* FavoriteButton.swift in Sources */ = {isa = PBXBuildFile; fileRef = 1AF73898285AA44300DA65FE /* FavoriteButton.swift */; };
		1AF7389D285AACFA00DA65FE /* HexagonParameters.swift in Sources */ = {isa = PBXBuildFile; fileRef = 1AF7389C285AACFA00DA65FE /* HexagonParameters.swift */; };
		1AF7389F285AAFB900DA65FE /* BadgeBackground.swift in Sources */ = {isa = PBXBuildFile; fileRef = 1AF7389E285AAFB900DA65FE /* BadgeBackground.swift */; };
/* End PBXBuildFile section */

/* Begin PBXFileReference section */
		1A1005C52853B7480000CC3D /* Landmarks.app */ = {isa = PBXFileReference; explicitFileType = wrapper.application; includeInIndex = 0; path = Landmarks.app; sourceTree = BUILT_PRODUCTS_DIR; };
		1A1005C82853B7480000CC3D /* LandmarksApp.swift */ = {isa = PBXFileReference; lastKnownFileType = sourcecode.swift; path = LandmarksApp.swift; sourceTree = "<group>"; };
		1A1005CA2853B7480000CC3D /* ContentView.swift */ = {isa = PBXFileReference; lastKnownFileType = sourcecode.swift; path = ContentView.swift; sourceTree = "<group>"; };
		1A1005CC2853B74C0000CC3D /* Assets.xcassets */ = {isa = PBXFileReference; lastKnownFileType = folder.assetcatalog; path = Assets.xcassets; sourceTree = "<group>"; };
		1A1005CF2853B74C0000CC3D /* Preview Assets.xcassets */ = {isa = PBXFileReference; lastKnownFileType = folder.assetcatalog; path = "Preview Assets.xcassets"; sourceTree = "<group>"; };
		1A1005D62854000D0000CC3D /* CircleImage.swift */ = {isa = PBXFileReference; lastKnownFileType = sourcecode.swift; path = CircleImage.swift; sourceTree = "<group>"; };
		1A1005D828540D6D0000CC3D /* MapView.swift */ = {isa = PBXFileReference; lastKnownFileType = sourcecode.swift; path = MapView.swift; sourceTree = "<group>"; };
		1A46862628545003007DA675 /* landmarkData.json */ = {isa = PBXFileReference; fileEncoding = 4; lastKnownFileType = text.json; path = landmarkData.json; sourceTree = "<group>"; };
		1A4686282854502C007DA675 /* Landmark.swift */ = {isa = PBXFileReference; lastKnownFileType = sourcecode.swift; path = Landmark.swift; sourceTree = "<group>"; };
		1A46862A2854565C007DA675 /* ModelData.swift */ = {isa = PBXFileReference; lastKnownFileType = sourcecode.swift; path = ModelData.swift; sourceTree = "<group>"; };
		1A46862F2855566B007DA675 /* LandmarkRow.swift */ = {isa = PBXFileReference; lastKnownFileType = sourcecode.swift; path = LandmarkRow.swift; sourceTree = "<group>"; };
		1A46863128555BF5007DA675 /* LandmarksList.swift */ = {isa = PBXFileReference; lastKnownFileType = sourcecode.swift; path = LandmarksList.swift; sourceTree = "<group>"; };
		1A46863328555F24007DA675 /* LandmarkDetail.swift */ = {isa = PBXFileReference; lastKnownFileType = sourcecode.swift; path = LandmarkDetail.swift; sourceTree = "<group>"; };
		1A5D7C05285FB6990058F65F /* BadgeSymbol.swift */ = {isa = PBXFileReference; lastKnownFileType = sourcecode.swift; path = BadgeSymbol.swift; sourceTree = "<group>"; };
		1A5D7C07285FB7BF0058F65F /* RotatedBadgeSymbol.swift */ = {isa = PBXFileReference; lastKnownFileType = sourcecode.swift; path = RotatedBadgeSymbol.swift; sourceTree = "<group>"; };
		1A5D7C09285FB8A40058F65F /* Badge.swift */ = {isa = PBXFileReference; lastKnownFileType = sourcecode.swift; path = Badge.swift; sourceTree = "<group>"; };
		1A5D7C0D286112AE0058F65F /* hikeData.json */ = {isa = PBXFileReference; fileEncoding = 4; lastKnownFileType = text.json; path = hikeData.json; sourceTree = "<group>"; };
		1A5D7C0F286112DB0058F65F /* Hike.swift */ = {isa = PBXFileReference; lastKnownFileType = sourcecode.swift; path = Hike.swift; sourceTree = "<group>"; };
		1A5D7C1228611B880058F65F /* GraphCapsule.swift */ = {isa = PBXFileReference; fileEncoding = 4; lastKnownFileType = sourcecode.swift; path = GraphCapsule.swift; sourceTree = "<group>"; };
		1A5D7C1328611B880058F65F /* HikeGraph.swift */ = {isa = PBXFileReference; fileEncoding = 4; lastKnownFileType = sourcecode.swift; path = HikeGraph.swift; sourceTree = "<group>"; };
		1A5D7C1428611B880058F65F /* HikeDetail.swift */ = {isa = PBXFileReference; fileEncoding = 4; lastKnownFileType = sourcecode.swift; path = HikeDetail.swift; sourceTree = "<group>"; };
		1A5D7C1528611B880058F65F /* HikeView.swift */ = {isa = PBXFileReference; fileEncoding = 4; lastKnownFileType = sourcecode.swift; path = HikeView.swift; sourceTree = "<group>"; };
		1A9CAF9B2862B34000069945 /* CategoryHome.swift */ = {isa = PBXFileReference; lastKnownFileType = sourcecode.swift; path = CategoryHome.swift; sourceTree = "<group>"; };
		1A9CAF9D2862BC9A00069945 /* CategoryRow.swift */ = {isa = PBXFileReference; lastKnownFileType = sourcecode.swift; path = CategoryRow.swift; sourceTree = "<group>"; };
		1A9CAF9F2862BF4900069945 /* CategoryItem.swift */ = {isa = PBXFileReference; lastKnownFileType = sourcecode.swift; path = CategoryItem.swift; sourceTree = "<group>"; };
		1AF73898285AA44300DA65FE /* FavoriteButton.swift */ = {isa = PBXFileReference; lastKnownFileType = sourcecode.swift; path = FavoriteButton.swift; sourceTree = "<group>"; };
		1AF7389C285AACFA00DA65FE /* HexagonParameters.swift */ = {isa = PBXFileReference; lastKnownFileType = sourcecode.swift; path = HexagonParameters.swift; sourceTree = "<group>"; };
		1AF7389E285AAFB900DA65FE /* BadgeBackground.swift */ = {isa = PBXFileReference; lastKnownFileType = sourcecode.swift; path = BadgeBackground.swift; sourceTree = "<group>"; };
/* End PBXFileReference section */

/* Begin PBXFrameworksBuildPhase section */
		1A1005C22853B7480000CC3D /* Frameworks */ = {
			isa = PBXFrameworksBuildPhase;
			buildActionMask = 2147483647;
			files = (
			);
			runOnlyForDeploymentPostprocessing = 0;
		};
/* End PBXFrameworksBuildPhase section */

/* Begin PBXGroup section */
		1A1005BC2853B7480000CC3D = {
			isa = PBXGroup;
			children = (
				1A1005C72853B7480000CC3D /* Landmarks */,
				1A1005C62853B7480000CC3D /* Products */,
			);
			sourceTree = "<group>";
		};
		1A1005C62853B7480000CC3D /* Products */ = {
			isa = PBXGroup;
			children = (
				1A1005C52853B7480000CC3D /* Landmarks.app */,
			);
			name = Products;
			sourceTree = "<group>";
		};
		1A1005C72853B7480000CC3D /* Landmarks */ = {
			isa = PBXGroup;
			children = (
				1A5D7C0C286112600058F65F /* Resources */,
				1A1005C82853B7480000CC3D /* LandmarksApp.swift */,
				1A46862E285459F2007DA675 /* Model */,
				1A1005CC2853B74C0000CC3D /* Assets.xcassets */,
				1A46862C285459A2007DA675 /* Views */,
				1A1005CE2853B74C0000CC3D /* Preview Content */,
			);
			path = Landmarks;
			sourceTree = "<group>";
		};
		1A1005CE2853B74C0000CC3D /* Preview Content */ = {
			isa = PBXGroup;
			children = (
				1A1005CF2853B74C0000CC3D /* Preview Assets.xcassets */,
			);
			path = "Preview Content";
			sourceTree = "<group>";
		};
		1A46862C285459A2007DA675 /* Views */ = {
			isa = PBXGroup;
			children = (
				1A9CAF9A2862B30F00069945 /* Categories */,
				1A5D7C1128611B880058F65F /* Hikes */,
				1AF7389A285AA74300DA65FE /* Helpers */,
				1A1005CA2853B7480000CC3D /* ContentView.swift */,
				1AF7389B285AA75B00DA65FE /* Landmarks */,
				1A5D7C0B285FD56F0058F65F /* Badges */,
			);
			path = Views;
			sourceTree = "<group>";
		};
		1A46862E285459F2007DA675 /* Model */ = {
			isa = PBXGroup;
			children = (
				1A4686282854502C007DA675 /* Landmark.swift */,
				1A46862A2854565C007DA675 /* ModelData.swift */,
				1A5D7C0F286112DB0058F65F /* Hike.swift */,
			);
			path = Model;
			sourceTree = "<group>";
		};
		1A5D7C0B285FD56F0058F65F /* Badges */ = {
			isa = PBXGroup;
			children = (
				1AF7389C285AACFA00DA65FE /* HexagonParameters.swift */,
				1AF7389E285AAFB900DA65FE /* BadgeBackground.swift */,
				1A5D7C05285FB6990058F65F /* BadgeSymbol.swift */,
				1A5D7C07285FB7BF0058F65F /* RotatedBadgeSymbol.swift */,
				1A5D7C09285FB8A40058F65F /* Badge.swift */,
			);
			path = Badges;
			sourceTree = "<group>";
		};
		1A5D7C0C286112600058F65F /* Resources */ = {
			isa = PBXGroup;
			children = (
				1A5D7C0D286112AE0058F65F /* hikeData.json */,
				1A46862628545003007DA675 /* landmarkData.json */,
			);
			path = Resources;
			sourceTree = "<group>";
		};
		1A5D7C1128611B880058F65F /* Hikes */ = {
			isa = PBXGroup;
			children = (
				1A5D7C1228611B880058F65F /* GraphCapsule.swift */,
				1A5D7C1328611B880058F65F /* HikeGraph.swift */,
				1A5D7C1428611B880058F65F /* HikeDetail.swift */,
				1A5D7C1528611B880058F65F /* HikeView.swift */,
			);
			path = Hikes;
			sourceTree = "<group>";
		};
		1A9CAF9A2862B30F00069945 /* Categories */ = {
			isa = PBXGroup;
			children = (
				1A9CAF9B2862B34000069945 /* CategoryHome.swift */,
				1A9CAF9D2862BC9A00069945 /* CategoryRow.swift */,
				1A9CAF9F2862BF4900069945 /* CategoryItem.swift */,
			);
			path = Categories;
			sourceTree = "<group>";
		};
		1AF7389A285AA74300DA65FE /* Helpers */ = {
			isa = PBXGroup;
			children = (
				1A1005D62854000D0000CC3D /* CircleImage.swift */,
				1A1005D828540D6D0000CC3D /* MapView.swift */,
				1AF73898285AA44300DA65FE /* FavoriteButton.swift */,
			);
			path = Helpers;
			sourceTree = "<group>";
		};
		1AF7389B285AA75B00DA65FE /* Landmarks */ = {
			isa = PBXGroup;
			children = (
				1A46862F2855566B007DA675 /* LandmarkRow.swift */,
				1A46863128555BF5007DA675 /* LandmarksList.swift */,
				1A46863328555F24007DA675 /* LandmarkDetail.swift */,
			);
			path = Landmarks;
			sourceTree = "<group>";
		};
/* End PBXGroup section */

/* Begin PBXNativeTarget section */
		1A1005C42853B7480000CC3D /* Landmarks */ = {
			isa = PBXNativeTarget;
			buildConfigurationList = 1A1005D32853B74C0000CC3D /* Build configuration list for PBXNativeTarget "Landmarks" */;
			buildPhases = (
				1A1005C12853B7480000CC3D /* Sources */,
				1A1005C22853B7480000CC3D /* Frameworks */,
				1A1005C32853B7480000CC3D /* Resources */,
			);
			buildRules = (
			);
			dependencies = (
			);
			name = Landmarks;
			productName = Landmarks;
			productReference = 1A1005C52853B7480000CC3D /* Landmarks.app */;
			productType = "com.apple.product-type.application";
		};
/* End PBXNativeTarget section */

/* Begin PBXProject section */
		1A1005BD2853B7480000CC3D /* Project object */ = {
			isa = PBXProject;
			attributes = {
				BuildIndependentTargetsInParallel = 1;
				LastSwiftUpdateCheck = 1340;
				LastUpgradeCheck = 1340;
				TargetAttributes = {
					1A1005C42853B7480000CC3D = {
						CreatedOnToolsVersion = 13.4.1;
					};
				};
			};
			buildConfigurationList = 1A1005C02853B7480000CC3D /* Build configuration list for PBXProject "Landmarks" */;
			compatibilityVersion = "Xcode 13.0";
			developmentRegion = en;
			hasScannedForEncodings = 0;
			knownRegions = (
				en,
				Base,
			);
			mainGroup = 1A1005BC2853B7480000CC3D;
			productRefGroup = 1A1005C62853B7480000CC3D /* Products */;
			projectDirPath = "";
			projectRoot = "";
			targets = (
				1A1005C42853B7480000CC3D /* Landmarks */,
			);
		};
/* End PBXProject section */

/* Begin PBXResourcesBuildPhase section */
		1A1005C32853B7480000CC3D /* Resources */ = {
			isa = PBXResourcesBuildPhase;
			buildActionMask = 2147483647;
			files = (
				1A5D7C0E286112AE0058F65F /* hikeData.json in Resources */,
				1A1005D02853B74C0000CC3D /* Preview Assets.xcassets in Resources */,
				1A1005CD2853B74C0000CC3D /* Assets.xcassets in Resources */,
				1A46862728545003007DA675 /* landmarkData.json in Resources */,
			);
			runOnlyForDeploymentPostprocessing = 0;
		};
/* End PBXResourcesBuildPhase section */

/* Begin PBXSourcesBuildPhase section */
		1A1005C12853B7480000CC3D /* Sources */ = {
			isa = PBXSourcesBuildPhase;
			buildActionMask = 2147483647;
			files = (
				1A9CAF9E2862BC9A00069945 /* CategoryRow.swift in Sources */,
				1A1005CB2853B7480000CC3D /* ContentView.swift in Sources */,
				1A9CAF9C2862B34000069945 /* CategoryHome.swift in Sources */,
				1A5D7C1728611B880058F65F /* HikeGraph.swift in Sources */,
				1A5D7C0A285FB8A40058F65F /* Badge.swift in Sources */,
				1A1005D928540D6D0000CC3D /* MapView.swift in Sources */,
				1A5D7C1628611B880058F65F /* GraphCapsule.swift in Sources */,
				1A1005C92853B7480000CC3D /* LandmarksApp.swift in Sources */,
				1AF73899285AA44300DA65FE /* FavoriteButton.swift in Sources */,
				1A9CAFA02862BF4900069945 /* CategoryItem.swift in Sources */,
				1A5D7C1828611B880058F65F /* HikeDetail.swift in Sources */,
				1AF7389D285AACFA00DA65FE /* HexagonParameters.swift in Sources */,
				1A5D7C10286112DB0058F65F /* Hike.swift in Sources */,
				1A5D7C08285FB7BF0058F65F /* RotatedBadgeSymbol.swift in Sources */,
				1A5D7C06285FB6990058F65F /* BadgeSymbol.swift in Sources */,
				1A1005D72854000D0000CC3D /* CircleImage.swift in Sources */,
				1A5D7C1928611B880058F65F /* HikeView.swift in Sources */,
				1A46863428555F24007DA675 /* LandmarkDetail.swift in Sources */,
				1AF7389F285AAFB900DA65FE /* BadgeBackground.swift in Sources */,
				1A4686292854502C007DA675 /* Landmark.swift in Sources */,
				1A4686302855566B007DA675 /* LandmarkRow.swift in Sources */,
				1A46862B2854565C007DA675 /* ModelData.swift in Sources */,
				1A46863228555BF5007DA675 /* LandmarksList.swift in Sources */,
			);
			runOnlyForDeploymentPostprocessing = 0;
		};
/* End PBXSourcesBuildPhase section */

/* Begin XCBuildConfiguration section */
		1A1005D12853B74C0000CC3D /* Debug */ = {
			isa = XCBuildConfiguration;
			buildSettings = {
				ALWAYS_SEARCH_USER_PATHS = NO;
				CLANG_ANALYZER_NONNULL = YES;
				CLANG_ANALYZER_NUMBER_OBJECT_CONVERSION = YES_AGGRESSIVE;
				CLANG_CXX_LANGUAGE_STANDARD = "gnu++17";
				CLANG_ENABLE_MODULES = YES;
				CLANG_ENABLE_OBJC_ARC = YES;
				CLANG_ENABLE_OBJC_WEAK = YES;
				CLANG_WARN_BLOCK_CAPTURE_AUTORELEASING = YES;
				CLANG_WARN_BOOL_CONVERSION = YES;
				CLANG_WARN_COMMA = YES;
				CLANG_WARN_CONSTANT_CONVERSION = YES;
				CLANG_WARN_DEPRECATED_OBJC_IMPLEMENTATIONS = YES;
				CLANG_WARN_DIRECT_OBJC_ISA_USAGE = YES_ERROR;
				CLANG_WARN_DOCUMENTATION_COMMENTS = YES;
				CLANG_WARN_EMPTY_BODY = YES;
				CLANG_WARN_ENUM_CONVERSION = YES;
				CLANG_WARN_INFINITE_RECURSION = YES;
				CLANG_WARN_INT_CONVERSION = YES;
				CLANG_WARN_NON_LITERAL_NULL_CONVERSION = YES;
				CLANG_WARN_OBJC_IMPLICIT_RETAIN_SELF = YES;
				CLANG_WARN_OBJC_LITERAL_CONVERSION = YES;
				CLANG_WARN_OBJC_ROOT_CLASS = YES_ERROR;
				CLANG_WARN_QUOTED_INCLUDE_IN_FRAMEWORK_HEADER = YES;
				CLANG_WARN_RANGE_LOOP_ANALYSIS = YES;
				CLANG_WARN_STRICT_PROTOTYPES = YES;
				CLANG_WARN_SUSPICIOUS_MOVE = YES;
				CLANG_WARN_UNGUARDED_AVAILABILITY = YES_AGGRESSIVE;
				CLANG_WARN_UNREACHABLE_CODE = YES;
				CLANG_WARN__DUPLICATE_METHOD_MATCH = YES;
				COPY_PHASE_STRIP = NO;
				DEBUG_INFORMATION_FORMAT = dwarf;
				ENABLE_STRICT_OBJC_MSGSEND = YES;
				ENABLE_TESTABILITY = YES;
				GCC_C_LANGUAGE_STANDARD = gnu11;
				GCC_DYNAMIC_NO_PIC = NO;
				GCC_NO_COMMON_BLOCKS = YES;
				GCC_OPTIMIZATION_LEVEL = 0;
				GCC_PREPROCESSOR_DEFINITIONS = (
					"DEBUG=1",
					"$(inherited)",
				);
				GCC_WARN_64_TO_32_BIT_CONVERSION = YES;
				GCC_WARN_ABOUT_RETURN_TYPE = YES_ERROR;
				GCC_WARN_UNDECLARED_SELECTOR = YES;
				GCC_WARN_UNINITIALIZED_AUTOS = YES_AGGRESSIVE;
				GCC_WARN_UNUSED_FUNCTION = YES;
				GCC_WARN_UNUSED_VARIABLE = YES;
				IPHONEOS_DEPLOYMENT_TARGET = 15.5;
				MTL_ENABLE_DEBUG_INFO = INCLUDE_SOURCE;
				MTL_FAST_MATH = YES;
				ONLY_ACTIVE_ARCH = YES;
				SDKROOT = iphoneos;
				SWIFT_ACTIVE_COMPILATION_CONDITIONS = DEBUG;
				SWIFT_OPTIMIZATION_LEVEL = "-Onone";
			};
			name = Debug;
		};
		1A1005D22853B74C0000CC3D /* Release */ = {
			isa = XCBuildConfiguration;
			buildSettings = {
				ALWAYS_SEARCH_USER_PATHS = NO;
				CLANG_ANALYZER_NONNULL = YES;
				CLANG_ANALYZER_NUMBER_OBJECT_CONVERSION = YES_AGGRESSIVE;
				CLANG_CXX_LANGUAGE_STANDARD = "gnu++17";
				CLANG_ENABLE_MODULES = YES;
				CLANG_ENABLE_OBJC_ARC = YES;
				CLANG_ENABLE_OBJC_WEAK = YES;
				CLANG_WARN_BLOCK_CAPTURE_AUTORELEASING = YES;
				CLANG_WARN_BOOL_CONVERSION = YES;
				CLANG_WARN_COMMA = YES;
				CLANG_WARN_CONSTANT_CONVERSION = YES;
				CLANG_WARN_DEPRECATED_OBJC_IMPLEMENTATIONS = YES;
				CLANG_WARN_DIRECT_OBJC_ISA_USAGE = YES_ERROR;
				CLANG_WARN_DOCUMENTATION_COMMENTS = YES;
				CLANG_WARN_EMPTY_BODY = YES;
				CLANG_WARN_ENUM_CONVERSION = YES;
				CLANG_WARN_INFINITE_RECURSION = YES;
				CLANG_WARN_INT_CONVERSION = YES;
				CLANG_WARN_NON_LITERAL_NULL_CONVERSION = YES;
				CLANG_WARN_OBJC_IMPLICIT_RETAIN_SELF = YES;
				CLANG_WARN_OBJC_LITERAL_CONVERSION = YES;
				CLANG_WARN_OBJC_ROOT_CLASS = YES_ERROR;
				CLANG_WARN_QUOTED_INCLUDE_IN_FRAMEWORK_HEADER = YES;
				CLANG_WARN_RANGE_LOOP_ANALYSIS = YES;
				CLANG_WARN_STRICT_PROTOTYPES = YES;
				CLANG_WARN_SUSPICIOUS_MOVE = YES;
				CLANG_WARN_UNGUARDED_AVAILABILITY = YES_AGGRESSIVE;
				CLANG_WARN_UNREACHABLE_CODE = YES;
				CLANG_WARN__DUPLICATE_METHOD_MATCH = YES;
				COPY_PHASE_STRIP = NO;
				DEBUG_INFORMATION_FORMAT = "dwarf-with-dsym";
				ENABLE_NS_ASSERTIONS = NO;
				ENABLE_STRICT_OBJC_MSGSEND = YES;
				GCC_C_LANGUAGE_STANDARD = gnu11;
				GCC_NO_COMMON_BLOCKS = YES;
				GCC_WARN_64_TO_32_BIT_CONVERSION = YES;
				GCC_WARN_ABOUT_RETURN_TYPE = YES_ERROR;
				GCC_WARN_UNDECLARED_SELECTOR = YES;
				GCC_WARN_UNINITIALIZED_AUTOS = YES_AGGRESSIVE;
				GCC_WARN_UNUSED_FUNCTION = YES;
				GCC_WARN_UNUSED_VARIABLE = YES;
				IPHONEOS_DEPLOYMENT_TARGET = 15.5;
				MTL_ENABLE_DEBUG_INFO = NO;
				MTL_FAST_MATH = YES;
				SDKROOT = iphoneos;
				SWIFT_COMPILATION_MODE = wholemodule;
				SWIFT_OPTIMIZATION_LEVEL = "-O";
				VALIDATE_PRODUCT = YES;
			};
			name = Release;
		};
		1A1005D42853B74C0000CC3D /* Debug */ = {
			isa = XCBuildConfiguration;
			buildSettings = {
				ASSETCATALOG_COMPILER_APPICON_NAME = AppIcon;
				ASSETCATALOG_COMPILER_GLOBAL_ACCENT_COLOR_NAME = AccentColor;
				CODE_SIGN_STYLE = Automatic;
				CURRENT_PROJECT_VERSION = 1;
				DEVELOPMENT_ASSET_PATHS = "\"Landmarks/Preview Content\"";
				DEVELOPMENT_TEAM = 92275VH9FS;
				ENABLE_PREVIEWS = YES;
				GENERATE_INFOPLIST_FILE = YES;
				INFOPLIST_KEY_UIApplicationSceneManifest_Generation = YES;
				INFOPLIST_KEY_UIApplicationSupportsIndirectInputEvents = YES;
				INFOPLIST_KEY_UILaunchScreen_Generation = YES;
				INFOPLIST_KEY_UISupportedInterfaceOrientations_iPad = "UIInterfaceOrientationPortrait UIInterfaceOrientationPortraitUpsideDown UIInterfaceOrientationLandscapeLeft UIInterfaceOrientationLandscapeRight";
				INFOPLIST_KEY_UISupportedInterfaceOrientations_iPhone = "UIInterfaceOrientationPortrait UIInterfaceOrientationLandscapeLeft UIInterfaceOrientationLandscapeRight";
				LD_RUNPATH_SEARCH_PATHS = (
					"$(inherited)",
					"@executable_path/Frameworks",
				);
				MARKETING_VERSION = 1.0;
				PRODUCT_BUNDLE_IDENTIFIER = com.example.landmarks.Landmarks;
				PRODUCT_NAME = "$(TARGET_NAME)";
				SWIFT_EMIT_LOC_STRINGS = YES;
				SWIFT_VERSION = 5.0;
				TARGETED_DEVICE_FAMILY = "1,2";
			};
			name = Debug;
		};
		1A1005D52853B74C0000CC3D /* Release */ = {
			isa = XCBuildConfiguration;
			buildSettings = {
				ASSETCATALOG_COMPILER_APPICON_NAME = AppIcon;
				ASSETCATALOG_COMPILER_GLOBAL_ACCENT_COLOR_NAME = AccentColor;
				CODE_SIGN_STYLE = Automatic;
				CURRENT_PROJECT_VERSION = 1;
				DEVELOPMENT_ASSET_PATHS = "\"Landmarks/Preview Content\"";
				DEVELOPMENT_TEAM = 92275VH9FS;
				ENABLE_PREVIEWS = YES;
				GENERATE_INFOPLIST_FILE = YES;
				INFOPLIST_KEY_UIApplicationSceneManifest_Generation = YES;
				INFOPLIST_KEY_UIApplicationSupportsIndirectInputEvents = YES;
				INFOPLIST_KEY_UILaunchScreen_Generation = YES;
				INFOPLIST_KEY_UISupportedInterfaceOrientations_iPad = "UIInterfaceOrientationPortrait UIInterfaceOrientationPortraitUpsideDown UIInterfaceOrientationLandscapeLeft UIInterfaceOrientationLandscapeRight";
				INFOPLIST_KEY_UISupportedInterfaceOrientations_iPhone = "UIInterfaceOrientationPortrait UIInterfaceOrientationLandscapeLeft UIInterfaceOrientationLandscapeRight";
				LD_RUNPATH_SEARCH_PATHS = (
					"$(inherited)",
					"@executable_path/Frameworks",
				);
				MARKETING_VERSION = 1.0;
				PRODUCT_BUNDLE_IDENTIFIER = com.example.landmarks.Landmarks;
				PRODUCT_NAME = "$(TARGET_NAME)";
				SWIFT_EMIT_LOC_STRINGS = YES;
				SWIFT_VERSION = 5.0;
				TARGETED_DEVICE_FAMILY = "1,2";
			};
			name = Release;
		};
/* End XCBuildConfiguration section */

/* Begin XCConfigurationList section */
		1A1005C02853B7480000CC3D /* Build configuration list for PBXProject "Landmarks" */ = {
			isa = XCConfigurationList;
			buildConfigurations = (
				1A1005D12853B74C0000CC3D /* Debug */,
				1A1005D22853B74C0000CC3D /* Release */,
			);
			defaultConfigurationIsVisible = 0;
			defaultConfigurationName = Release;
		};
		1A1005D32853B74C0000CC3D /* Build configuration list for PBXNativeTarget "Landmarks" */ = {
			isa = XCConfigurationList;
			buildConfigurations = (
				1A1005D42853B74C0000CC3D /* Debug */,
				1A1005D52853B74C0000CC3D /* Release */,
			);
			defaultConfigurationIsVisible = 0;
			defaultConfigurationName = Release;
		};
/* End XCConfigurationList section */
	};
	rootObject = 1A1005BD2853B7480000CC3D /* Project object */;
}
